
Microsoft Visual Studio Solution File, Format Version 12.00
# Visual Studio Version 17
VisualStudioVersion = 17.11.35327.3
MinimumVisualStudioVersion = 10.0.40219.1
Project("{9A19103F-16F7-4668-BE54-9A1E7A4F7556}") = "DnHttp", "src\DnHttp.csproj", "{E6061A02-871F-4DEC-BB7D-43AD523B8B26}"
EndProject
Global
	GlobalSection(SolutionConfigurationPlatforms) = preSolution
		Debug|Any CPU = Debug|Any CPU
		Release|Any CPU = Release|Any CPU
	EndGlobalSection
	GlobalSection(ProjectConfigurationPlatforms) = postSolution
		{E6061A02-871F-4DEC-BB7D-43AD523B8B26}.Debug|Any CPU.ActiveCfg = Debug|Any CPU
		{E6061A02-871F-4DEC-BB7D-43AD523B8B26}.Debug|Any CPU.Build.0 = Debug|Any CPU
		{E6061A02-871F-4DEC-BB7D-43AD523B8B26}.Release|Any CPU.ActiveCfg = Release|Any CPU
		{E6061A02-871F-4DEC-BB7D-43AD523B8B26}.Release|Any CPU.Build.0 = Release|Any CPU
	EndGlobalSection
	GlobalSection(SolutionProperties) = preSolution
		HideSolutionNode = FALSE
	EndGlobalSection
	GlobalSection(ExtensibilityGlobals) = postSolution
		SolutionGuid = {2370F8FC-459C-4215-A7DE-AF7734EF7A23}
	EndGlobalSection
EndGlobal
